// !$*UTF8*$!
{
	archiveVersion = 1;
	classes = {
	};
	objectVersion = 50;
	objects = {

/* Begin PBXBuildFile section */
		8B17F84D210E6C3A0091A897 /* AppDelegate.swift in Sources */ = {isa = PBXBuildFile; fileRef = 8B17F84C210E6C3A0091A897 /* AppDelegate.swift */; };
		8B17F852210E6C3A0091A897 /* Main.storyboard in Resources */ = {isa = PBXBuildFile; fileRef = 8B17F850210E6C3A0091A897 /* Main.storyboard */; };
		8B17F854210E6C3E0091A897 /* Assets.xcassets in Resources */ = {isa = PBXBuildFile; fileRef = 8B17F853210E6C3E0091A897 /* Assets.xcassets */; };
		8B17F857210E6C3E0091A897 /* LaunchScreen.storyboard in Resources */ = {isa = PBXBuildFile; fileRef = 8B17F855210E6C3E0091A897 /* LaunchScreen.storyboard */; };
		8B17F85F210E6D500091A897 /* .gitignore in Resources */ = {isa = PBXBuildFile; fileRef = 8B17F85E210E6D500091A897 /* .gitignore */; };
		8B17F861210E91C70091A897 /* movies.db in Resources */ = {isa = PBXBuildFile; fileRef = 8B17F860210E91C70091A897 /* movies.db */; };
		8B17F867210EA1E40091A897 /* MoviesController.swift in Sources */ = {isa = PBXBuildFile; fileRef = 8B17F866210EA1E40091A897 /* MoviesController.swift */; };
		8B17F869210EA29A0091A897 /* MoviesRepository.swift in Sources */ = {isa = PBXBuildFile; fileRef = 8B17F868210EA29A0091A897 /* MoviesRepository.swift */; };
		8B678733210EA8A900F9CA6D /* Movie.swift in Sources */ = {isa = PBXBuildFile; fileRef = 8B678732210EA8A900F9CA6D /* Movie.swift */; };
		8B678735210EB6B000F9CA6D /* URLImageView.swift in Sources */ = {isa = PBXBuildFile; fileRef = 8B678734210EB6B000F9CA6D /* URLImageView.swift */; };
/* End PBXBuildFile section */

/* Begin PBXFileReference section */
		8B17F849210E6C3A0091A897 /* Movies.app */ = {isa = PBXFileReference; explicitFileType = wrapper.application; includeInIndex = 0; path = Movies.app; sourceTree = BUILT_PRODUCTS_DIR; };
		8B17F84C210E6C3A0091A897 /* AppDelegate.swift */ = {isa = PBXFileReference; lastKnownFileType = sourcecode.swift; path = AppDelegate.swift; sourceTree = "<group>"; };
		8B17F851210E6C3A0091A897 /* Base */ = {isa = PBXFileReference; lastKnownFileType = file.storyboard; name = Base; path = Base.lproj/Main.storyboard; sourceTree = "<group>"; };
		8B17F853210E6C3E0091A897 /* Assets.xcassets */ = {isa = PBXFileReference; lastKnownFileType = folder.assetcatalog; path = Assets.xcassets; sourceTree = "<group>"; };
		8B17F856210E6C3E0091A897 /* Base */ = {isa = PBXFileReference; lastKnownFileType = file.storyboard; name = Base; path = Base.lproj/LaunchScreen.storyboard; sourceTree = "<group>"; };
		8B17F858210E6C3E0091A897 /* Info.plist */ = {isa = PBXFileReference; lastKnownFileType = text.plist.xml; path = Info.plist; sourceTree = "<group>"; };
		8B17F85E210E6D500091A897 /* .gitignore */ = {isa = PBXFileReference; lastKnownFileType = text; path = .gitignore; sourceTree = "<group>"; };
		8B17F860210E91C70091A897 /* movies.db */ = {isa = PBXFileReference; lastKnownFileType = file; path = movies.db; sourceTree = "<group>"; };
		8B17F866210EA1E40091A897 /* MoviesController.swift */ = {isa = PBXFileReference; fileEncoding = 4; lastKnownFileType = sourcecode.swift; path = MoviesController.swift; sourceTree = "<group>"; };
		8B17F868210EA29A0091A897 /* MoviesRepository.swift */ = {isa = PBXFileReference; fileEncoding = 4; lastKnownFileType = sourcecode.swift; path = MoviesRepository.swift; sourceTree = "<group>"; };
		8B678732210EA8A900F9CA6D /* Movie.swift */ = {isa = PBXFileReference; lastKnownFileType = sourcecode.swift; path = Movie.swift; sourceTree = "<group>"; };
		8B678734210EB6B000F9CA6D /* URLImageView.swift */ = {isa = PBXFileReference; lastKnownFileType = sourcecode.swift; path = URLImageView.swift; sourceTree = "<group>"; };
/* End PBXFileReference section */

/* Begin PBXFrameworksBuildPhase section */
		8B17F846210E6C3A0091A897 /* Frameworks */ = {
			isa = PBXFrameworksBuildPhase;
			buildActionMask = 2147483647;
			files = (
			);
			runOnlyForDeploymentPostprocessing = 0;
		};
/* End PBXFrameworksBuildPhase section */

/* Begin PBXGroup section */
		8B17F840210E6C3A0091A897 = {
			isa = PBXGroup;
			children = (
				8B17F84B210E6C3A0091A897 /* Movies */,
				8B17F84A210E6C3A0091A897 /* Products */,
				8B17F85E210E6D500091A897 /* .gitignore */,
			);
			sourceTree = "<group>";
		};
		8B17F84A210E6C3A0091A897 /* Products */ = {
			isa = PBXGroup;
			children = (
				8B17F849210E6C3A0091A897 /* Movies.app */,
			);
			name = Products;
			sourceTree = "<group>";
		};
		8B17F84B210E6C3A0091A897 /* Movies */ = {
			isa = PBXGroup;
			children = (
				8B17F853210E6C3E0091A897 /* Assets.xcassets */,
				8B17F84C210E6C3A0091A897 /* AppDelegate.swift */,
				8B17F855210E6C3E0091A897 /* LaunchScreen.storyboard */,
				8B17F850210E6C3A0091A897 /* Main.storyboard */,
				8B678732210EA8A900F9CA6D /* Movie.swift */,
				8B17F866210EA1E40091A897 /* MoviesController.swift */,
				8B17F868210EA29A0091A897 /* MoviesRepository.swift */,
				8B678734210EB6B000F9CA6D /* URLImageView.swift */,
				8B17F860210E91C70091A897 /* movies.db */,
				8B17F858210E6C3E0091A897 /* Info.plist */,
			);
			path = Movies;
			sourceTree = "<group>";
		};
/* End PBXGroup section */

/* Begin PBXNativeTarget section */
		8B17F848210E6C3A0091A897 /* Movies */ = {
			isa = PBXNativeTarget;
			buildConfigurationList = 8B17F85B210E6C3E0091A897 /* Build configuration list for PBXNativeTarget "Movies" */;
			buildPhases = (
				8B17F845210E6C3A0091A897 /* Sources */,
				8B17F846210E6C3A0091A897 /* Frameworks */,
				8B17F847210E6C3A0091A897 /* Resources */,
			);
			buildRules = (
			);
			dependencies = (
			);
			name = Movies;
			productName = Movies;
			productReference = 8B17F849210E6C3A0091A897 /* Movies.app */;
			productType = "com.apple.product-type.application";
		};
/* End PBXNativeTarget section */

/* Begin PBXProject section */
		8B17F841210E6C3A0091A897 /* Project object */ = {
			isa = PBXProject;
			attributes = {
				LastSwiftUpdateCheck = 0940;
				LastUpgradeCheck = 0940;
				ORGANIZATIONNAME = "Pablo Pallocchi";
				TargetAttributes = {
					8B17F848210E6C3A0091A897 = {
						CreatedOnToolsVersion = 9.4;
					};
				};
			};
			buildConfigurationList = 8B17F844210E6C3A0091A897 /* Build configuration list for PBXProject "Movies" */;
			compatibilityVersion = "Xcode 9.3";
			developmentRegion = en;
			hasScannedForEncodings = 0;
			knownRegions = (
				en,
				Base,
			);
			mainGroup = 8B17F840210E6C3A0091A897;
			productRefGroup = 8B17F84A210E6C3A0091A897 /* Products */;
			projectDirPath = "";
			projectRoot = "";
			targets = (
				8B17F848210E6C3A0091A897 /* Movies */,
			);
		};
/* End PBXProject section */

/* Begin PBXResourcesBuildPhase section */
		8B17F847210E6C3A0091A897 /* Resources */ = {
			isa = PBXResourcesBuildPhase;
			buildActionMask = 2147483647;
			files = (
				8B17F861210E91C70091A897 /* movies.db in Resources */,
				8B17F85F210E6D500091A897 /* .gitignore in Resources */,
				8B17F857210E6C3E0091A897 /* LaunchScreen.storyboard in Resources */,
				8B17F854210E6C3E0091A897 /* Assets.xcassets in Resources */,
				8B17F852210E6C3A0091A897 /* Main.storyboard in Resources */,
			);
			runOnlyForDeploymentPostprocessing = 0;
		};
/* End PBXResourcesBuildPhase section */

/* Begin PBXSourcesBuildPhase section */
		8B17F845210E6C3A0091A897 /* Sources */ = {
			isa = PBXSourcesBuildPhase;
			buildActionMask = 2147483647;
			files = (
				8B678735210EB6B000F9CA6D /* URLImageView.swift in Sources */,
				8B17F867210EA1E40091A897 /* MoviesController.swift in Sources */,
				8B17F869210EA29A0091A897 /* MoviesRepository.swift in Sources */,
				8B678733210EA8A900F9CA6D /* Movie.swift in Sources */,
				8B17F84D210E6C3A0091A897 /* AppDelegate.swift in Sources */,
			);
			runOnlyForDeploymentPostprocessing = 0;
		};
/* End PBXSourcesBuildPhase section */

/* Begin PBXVariantGroup section */
		8B17F850210E6C3A0091A897 /* Main.storyboard */ = {
			isa = PBXVariantGroup;
			children = (
				8B17F851210E6C3A0091A897 /* Base */,
			);
			name = Main.storyboard;
			sourceTree = "<group>";
		};
		8B17F855210E6C3E0091A897 /* LaunchScreen.storyboard */ = {
			isa = PBXVariantGroup;
			children = (
				8B17F856210E6C3E0091A897 /* Base */,
			);
			name = LaunchScreen.storyboard;
			sourceTree = "<group>";
		};
/* End PBXVariantGroup section */

/* Begin XCBuildConfiguration section */
		8B17F859210E6C3E0091A897 /* Debug */ = {
			isa = XCBuildConfiguration;
			buildSettings = {
				ALWAYS_SEARCH_USER_PATHS = NO;
				CLANG_ANALYZER_NONNULL = YES;
				CLANG_ANALYZER_NUMBER_OBJECT_CONVERSION = YES_AGGRESSIVE;
				CLANG_CXX_LANGUAGE_STANDARD = "gnu++14";
				CLANG_CXX_LIBRARY = "libc++";
				CLANG_ENABLE_MODULES = YES;
				CLANG_ENABLE_OBJC_ARC = YES;
				CLANG_ENABLE_OBJC_WEAK = YES;
				CLANG_WARN_BLOCK_CAPTURE_AUTORELEASING = YES;
				CLANG_WARN_BOOL_CONVERSION = YES;
				CLANG_WARN_COMMA = YES;
				CLANG_WARN_CONSTANT_CONVERSION = YES;
				CLANG_WARN_DEPRECATED_OBJC_IMPLEMENTATIONS = YES;
				CLANG_WARN_DIRECT_OBJC_ISA_USAGE = YES_ERROR;
				CLANG_WARN_DOCUMENTATION_COMMENTS = YES;
				CLANG_WARN_EMPTY_BODY = YES;
				CLANG_WARN_ENUM_CONVERSION = YES;
				CLANG_WARN_INFINITE_RECURSION = YES;
				CLANG_WARN_INT_CONVERSION = YES;
				CLANG_WARN_NON_LITERAL_NULL_CONVERSION = YES;
				CLANG_WARN_OBJC_IMPLICIT_RETAIN_SELF = YES;
				CLANG_WARN_OBJC_LITERAL_CONVERSION = YES;
				CLANG_WARN_OBJC_ROOT_CLASS = YES_ERROR;
				CLANG_WARN_RANGE_LOOP_ANALYSIS = YES;
				CLANG_WARN_STRICT_PROTOTYPES = YES;
				CLANG_WARN_SUSPICIOUS_MOVE = YES;
				CLANG_WARN_UNGUARDED_AVAILABILITY = YES_AGGRESSIVE;
				CLANG_WARN_UNREACHABLE_CODE = YES;
				CLANG_WARN__DUPLICATE_METHOD_MATCH = YES;
				CODE_SIGN_IDENTITY = "iPhone Developer";
				COPY_PHASE_STRIP = NO;
				DEBUG_INFORMATION_FORMAT = dwarf;
				ENABLE_STRICT_OBJC_MSGSEND = YES;
				ENABLE_TESTABILITY = YES;
				GCC_C_LANGUAGE_STANDARD = gnu11;
				GCC_DYNAMIC_NO_PIC = NO;
				GCC_NO_COMMON_BLOCKS = YES;
				GCC_OPTIMIZATION_LEVEL = 0;
				GCC_PREPROCESSOR_DEFINITIONS = (
					"DEBUG=1",
					"$(inherited)",
				);
				GCC_WARN_64_TO_32_BIT_CONVERSION = YES;
				GCC_WARN_ABOUT_RETURN_TYPE = YES_ERROR;
				GCC_WARN_UNDECLARED_SELECTOR = YES;
				GCC_WARN_UNINITIALIZED_AUTOS = YES_AGGRESSIVE;
				GCC_WARN_UNUSED_FUNCTION = YES;
				GCC_WARN_UNUSED_VARIABLE = YES;
				IPHONEOS_DEPLOYMENT_TARGET = 11.4;
				MTL_ENABLE_DEBUG_INFO = YES;
				ONLY_ACTIVE_ARCH = YES;
				SDKROOT = iphoneos;
				SWIFT_ACTIVE_COMPILATION_CONDITIONS = DEBUG;
				SWIFT_OPTIMIZATION_LEVEL = "-Onone";
			};
			name = Debug;
		};
		8B17F85A210E6C3E0091A897 /* Release */ = {
			isa = XCBuildConfiguration;
			buildSettings = {
				ALWAYS_SEARCH_USER_PATHS = NO;
				CLANG_ANALYZER_NONNULL = YES;
				CLANG_ANALYZER_NUMBER_OBJECT_CONVERSION = YES_AGGRESSIVE;
				CLANG_CXX_LANGUAGE_STANDARD = "gnu++14";
				CLANG_CXX_LIBRARY = "libc++";
				CLANG_ENABLE_MODULES = YES;
				CLANG_ENABLE_OBJC_ARC = YES;
				CLANG_ENABLE_OBJC_WEAK = YES;
				CLANG_WARN_BLOCK_CAPTURE_AUTORELEASING = YES;
				CLANG_WARN_BOOL_CONVERSION = YES;
				CLANG_WARN_COMMA = YES;
				CLANG_WARN_CONSTANT_CONVERSION = YES;
				CLANG_WARN_DEPRECATED_OBJC_IMPLEMENTATIONS = YES;
				CLANG_WARN_DIRECT_OBJC_ISA_USAGE = YES_ERROR;
				CLANG_WARN_DOCUMENTATION_COMMENTS = YES;
				CLANG_WARN_EMPTY_BODY = YES;
				CLANG_WARN_ENUM_CONVERSION = YES;
				CLANG_WARN_INFINITE_RECURSION = YES;
				CLANG_WARN_INT_CONVERSION = YES;
				CLANG_WARN_NON_LITERAL_NULL_CONVERSION = YES;
				CLANG_WARN_OBJC_IMPLICIT_RETAIN_SELF = YES;
				CLANG_WARN_OBJC_LITERAL_CONVERSION = YES;
				CLANG_WARN_OBJC_ROOT_CLASS = YES_ERROR;
				CLANG_WARN_RANGE_LOOP_ANALYSIS = YES;
				CLANG_WARN_STRICT_PROTOTYPES = YES;
				CLANG_WARN_SUSPICIOUS_MOVE = YES;
				CLANG_WARN_UNGUARDED_AVAILABILITY = YES_AGGRESSIVE;
				CLANG_WARN_UNREACHABLE_CODE = YES;
				CLANG_WARN__DUPLICATE_METHOD_MATCH = YES;
				CODE_SIGN_IDENTITY = "iPhone Developer";
				COPY_PHASE_STRIP = NO;
				DEBUG_INFORMATION_FORMAT = "dwarf-with-dsym";
				ENABLE_NS_ASSERTIONS = NO;
				ENABLE_STRICT_OBJC_MSGSEND = YES;
				GCC_C_LANGUAGE_STANDARD = gnu11;
				GCC_NO_COMMON_BLOCKS = YES;
				GCC_WARN_64_TO_32_BIT_CONVERSION = YES;
				GCC_WARN_ABOUT_RETURN_TYPE = YES_ERROR;
				GCC_WARN_UNDECLARED_SELECTOR = YES;
				GCC_WARN_UNINITIALIZED_AUTOS = YES_AGGRESSIVE;
				GCC_WARN_UNUSED_FUNCTION = YES;
				GCC_WARN_UNUSED_VARIABLE = YES;
				IPHONEOS_DEPLOYMENT_TARGET = 11.4;
				MTL_ENABLE_DEBUG_INFO = NO;
				SDKROOT = iphoneos;
				SWIFT_COMPILATION_MODE = wholemodule;
				SWIFT_OPTIMIZATION_LEVEL = "-O";
				VALIDATE_PRODUCT = YES;
			};
			name = Release;
		};
		8B17F85C210E6C3E0091A897 /* Debug */ = {
			isa = XCBuildConfiguration;
			buildSettings = {
				ASSETCATALOG_COMPILER_APPICON_NAME = AppIcon;
				CODE_SIGN_STYLE = Automatic;
				DEVELOPMENT_TEAM = NWGM68QYK4;
				INFOPLIST_FILE = Movies/Info.plist;
				LD_RUNPATH_SEARCH_PATHS = (
					"$(inherited)",
					"@executable_path/Frameworks",
				);
				PRODUCT_BUNDLE_IDENTIFIER = com.github.pallocchi.Movies;
				PRODUCT_NAME = "$(TARGET_NAME)";
				SWIFT_VERSION = 4.0;
				TARGETED_DEVICE_FAMILY = "1,2";
			};
			name = Debug;
		};
		8B17F85D210E6C3E0091A897 /* Release */ = {
			isa = XCBuildConfiguration;
			buildSettings = {
				ASSETCATALOG_COMPILER_APPICON_NAME = AppIcon;
				CODE_SIGN_STYLE = Automatic;
				DEVELOPMENT_TEAM = NWGM68QYK4;
				INFOPLIST_FILE = Movies/Info.plist;
				LD_RUNPATH_SEARCH_PATHS = (
					"$(inherited)",
					"@executable_path/Frameworks",
				);
				PRODUCT_BUNDLE_IDENTIFIER = com.github.pallocchi.Movies;
				PRODUCT_NAME = "$(TARGET_NAME)";
				SWIFT_VERSION = 4.0;
				TARGETED_DEVICE_FAMILY = "1,2";
			};
			name = Release;
		};
/* End XCBuildConfiguration section */

/* Begin XCConfigurationList section */
		8B17F844210E6C3A0091A897 /* Build configuration list for PBXProject "Movies" */ = {
			isa = XCConfigurationList;
			buildConfigurations = (
				8B17F859210E6C3E0091A897 /* Debug */,
				8B17F85A210E6C3E0091A897 /* Release */,
			);
			defaultConfigurationIsVisible = 0;
			defaultConfigurationName = Release;
		};
		8B17F85B210E6C3E0091A897 /* Build configuration list for PBXNativeTarget "Movies" */ = {
			isa = XCConfigurationList;
			buildConfigurations = (
				8B17F85C210E6C3E0091A897 /* Debug */,
				8B17F85D210E6C3E0091A897 /* Release */,
			);
			defaultConfigurationIsVisible = 0;
			defaultConfigurationName = Release;
		};
/* End XCConfigurationList section */
	};
	rootObject = 8B17F841210E6C3A0091A897 /* Project object */;
}
